// !$*UTF8*$!
{
	archiveVersion = 1;
	classes = {
	};
	objectVersion = 50;
	objects = {

/* Begin PBXBuildFile section */
		9811D0E921AC350F00482720 /* HauntedHouse.plist in Resources */ = {isa = PBXBuildFile; fileRef = 9811D0E521AC350E00482720 /* HauntedHouse.plist */; };
		9811D0EA21AC350F00482720 /* Tiger.plist in Resources */ = {isa = PBXBuildFile; fileRef = 9811D0E621AC350F00482720 /* Tiger.plist */; };
		9811D0EB21AC350F00482720 /* Harp.plist in Resources */ = {isa = PBXBuildFile; fileRef = 9811D0E721AC350F00482720 /* Harp.plist */; };
		9811D0EC21AC350F00482720 /* Stranger.plist in Resources */ = {isa = PBXBuildFile; fileRef = 9811D0E821AC350F00482720 /* Stranger.plist */; };
		98B70DD8218E24550007DD31 /* AppDelegate.swift in Sources */ = {isa = PBXBuildFile; fileRef = 98B70DD7218E24550007DD31 /* AppDelegate.swift */; };
		98B70DDA218E24550007DD31 /* NewAdventureViewController.swift in Sources */ = {isa = PBXBuildFile; fileRef = 98B70DD9218E24550007DD31 /* NewAdventureViewController.swift */; };
		98B70DDD218E24550007DD31 /* Main.storyboard in Resources */ = {isa = PBXBuildFile; fileRef = 98B70DDB218E24550007DD31 /* Main.storyboard */; };
		98B70DDF218E24560007DD31 /* Assets.xcassets in Resources */ = {isa = PBXBuildFile; fileRef = 98B70DDE218E24560007DD31 /* Assets.xcassets */; };
		98B70DE2218E24560007DD31 /* LaunchScreen.storyboard in Resources */ = {isa = PBXBuildFile; fileRef = 98B70DE0218E24560007DD31 /* LaunchScreen.storyboard */; };
		98E2E72721ADD191007FCC06 /* Adventure.swift in Sources */ = {isa = PBXBuildFile; fileRef = 98E2E72621ADD191007FCC06 /* Adventure.swift */; };
		98E2E72A21ADD501007FCC06 /* Credits.swift in Sources */ = {isa = PBXBuildFile; fileRef = 98E2E72921ADD501007FCC06 /* Credits.swift */; };
		98E2E72C21ADD645007FCC06 /* Prompt.swift in Sources */ = {isa = PBXBuildFile; fileRef = 98E2E72B21ADD645007FCC06 /* Prompt.swift */; };
		98E2E72E21ADD803007FCC06 /* Node.swift in Sources */ = {isa = PBXBuildFile; fileRef = 98E2E72D21ADD803007FCC06 /* Node.swift */; };
		98E2E73021ADDB07007FCC06 /* Types.swift in Sources */ = {isa = PBXBuildFile; fileRef = 98E2E72F21ADDB07007FCC06 /* Types.swift */; };
		98E2E75021AECA9A007FCC06 /* NodeViewController.swift in Sources */ = {isa = PBXBuildFile; fileRef = 98E2E74F21AECA9A007FCC06 /* NodeViewController.swift */; };
/* End PBXBuildFile section */

/* Begin PBXFileReference section */
		9811D0E521AC350E00482720 /* HauntedHouse.plist */ = {isa = PBXFileReference; fileEncoding = 4; lastKnownFileType = text.plist.xml; path = HauntedHouse.plist; sourceTree = "<group>"; };
		9811D0E621AC350F00482720 /* Tiger.plist */ = {isa = PBXFileReference; fileEncoding = 4; lastKnownFileType = text.plist.xml; path = Tiger.plist; sourceTree = "<group>"; };
		9811D0E721AC350F00482720 /* Harp.plist */ = {isa = PBXFileReference; fileEncoding = 4; lastKnownFileType = text.plist.xml; path = Harp.plist; sourceTree = "<group>"; };
		9811D0E821AC350F00482720 /* Stranger.plist */ = {isa = PBXFileReference; fileEncoding = 4; lastKnownFileType = text.plist.xml; path = Stranger.plist; sourceTree = "<group>"; };
		98B70DD4218E24550007DD31 /* Make Your Own Adventure.app */ = {isa = PBXFileReference; explicitFileType = wrapper.application; includeInIndex = 0; path = "Make Your Own Adventure.app"; sourceTree = BUILT_PRODUCTS_DIR; };
		98B70DD7218E24550007DD31 /* AppDelegate.swift */ = {isa = PBXFileReference; lastKnownFileType = sourcecode.swift; path = AppDelegate.swift; sourceTree = "<group>"; };
		98B70DD9218E24550007DD31 /* NewAdventureViewController.swift */ = {isa = PBXFileReference; lastKnownFileType = sourcecode.swift; path = NewAdventureViewController.swift; sourceTree = "<group>"; };
		98B70DDC218E24550007DD31 /* Base */ = {isa = PBXFileReference; lastKnownFileType = file.storyboard; name = Base; path = Base.lproj/Main.storyboard; sourceTree = "<group>"; };
		98B70DDE218E24560007DD31 /* Assets.xcassets */ = {isa = PBXFileReference; lastKnownFileType = folder.assetcatalog; path = Assets.xcassets; sourceTree = "<group>"; };
		98B70DE1218E24560007DD31 /* Base */ = {isa = PBXFileReference; lastKnownFileType = file.storyboard; name = Base; path = Base.lproj/LaunchScreen.storyboard; sourceTree = "<group>"; };
		98B70DE3218E24560007DD31 /* Info.plist */ = {isa = PBXFileReference; lastKnownFileType = text.plist.xml; path = Info.plist; sourceTree = "<group>"; };
		98E2E72621ADD191007FCC06 /* Adventure.swift */ = {isa = PBXFileReference; lastKnownFileType = sourcecode.swift; path = Adventure.swift; sourceTree = "<group>"; };
		98E2E72921ADD501007FCC06 /* Credits.swift */ = {isa = PBXFileReference; lastKnownFileType = sourcecode.swift; path = Credits.swift; sourceTree = "<group>"; };
		98E2E72B21ADD645007FCC06 /* Prompt.swift */ = {isa = PBXFileReference; lastKnownFileType = sourcecode.swift; path = Prompt.swift; sourceTree = "<group>"; };
		98E2E72D21ADD803007FCC06 /* Node.swift */ = {isa = PBXFileReference; lastKnownFileType = sourcecode.swift; path = Node.swift; sourceTree = "<group>"; };
		98E2E72F21ADDB07007FCC06 /* Types.swift */ = {isa = PBXFileReference; lastKnownFileType = sourcecode.swift; path = Types.swift; sourceTree = "<group>"; };
		98E2E74F21AECA9A007FCC06 /* NodeViewController.swift */ = {isa = PBXFileReference; lastKnownFileType = sourcecode.swift; path = NodeViewController.swift; sourceTree = "<group>"; };
/* End PBXFileReference section */

/* Begin PBXFrameworksBuildPhase section */
		98B70DD1218E24550007DD31 /* Frameworks */ = {
			isa = PBXFrameworksBuildPhase;
			buildActionMask = 2147483647;
			files = (
			);
			runOnlyForDeploymentPostprocessing = 0;
		};
/* End PBXFrameworksBuildPhase section */

/* Begin PBXGroup section */
		9811D0ED21AC353700482720 /* Supporting Files */ = {
			isa = PBXGroup;
			children = (
				98B70DE3218E24560007DD31 /* Info.plist */,
				9811D0E721AC350F00482720 /* Harp.plist */,
				9811D0E521AC350E00482720 /* HauntedHouse.plist */,
				9811D0E821AC350F00482720 /* Stranger.plist */,
				9811D0E621AC350F00482720 /* Tiger.plist */,
			);
			name = "Supporting Files";
			sourceTree = "<group>";
		};
		98B70DCB218E24550007DD31 = {
			isa = PBXGroup;
			children = (
				98B70DD6218E24550007DD31 /* Make Your Own Adventure */,
				98B70DD5218E24550007DD31 /* Products */,
			);
			sourceTree = "<group>";
		};
		98B70DD5218E24550007DD31 /* Products */ = {
			isa = PBXGroup;
			children = (
				98B70DD4218E24550007DD31 /* Make Your Own Adventure.app */,
			);
			name = Products;
			sourceTree = "<group>";
		};
		98B70DD6218E24550007DD31 /* Make Your Own Adventure */ = {
			isa = PBXGroup;
			children = (
				98B70DD7218E24550007DD31 /* AppDelegate.swift */,
				98B70DD9218E24550007DD31 /* NewAdventureViewController.swift */,
				98E2E74F21AECA9A007FCC06 /* NodeViewController.swift */,
				98B70DDB218E24550007DD31 /* Main.storyboard */,
				98B70DE0218E24560007DD31 /* LaunchScreen.storyboard */,
				98B70DDE218E24560007DD31 /* Assets.xcassets */,
				98E2E72821ADD1B8007FCC06 /* Models */,
				9811D0ED21AC353700482720 /* Supporting Files */,
			);
			path = "Make Your Own Adventure";
			sourceTree = "<group>";
		};
		98E2E72821ADD1B8007FCC06 /* Models */ = {
			isa = PBXGroup;
			children = (
				98E2E72621ADD191007FCC06 /* Adventure.swift */,
				98E2E72D21ADD803007FCC06 /* Node.swift */,
				98E2E72921ADD501007FCC06 /* Credits.swift */,
				98E2E72B21ADD645007FCC06 /* Prompt.swift */,
				98E2E72F21ADDB07007FCC06 /* Types.swift */,
			);
			name = Models;
			sourceTree = "<group>";
		};
/* End PBXGroup section */

/* Begin PBXNativeTarget section */
		98B70DD3218E24550007DD31 /* Make Your Own Adventure */ = {
			isa = PBXNativeTarget;
			buildConfigurationList = 98B70DE6218E24560007DD31 /* Build configuration list for PBXNativeTarget "Make Your Own Adventure" */;
			buildPhases = (
				98B70DD0218E24550007DD31 /* Sources */,
				98B70DD1218E24550007DD31 /* Frameworks */,
				98B70DD2218E24550007DD31 /* Resources */,
			);
			buildRules = (
			);
			dependencies = (
			);
			name = "Make Your Own Adventure";
			productName = "Make Your Own Adventure";
			productReference = 98B70DD4218E24550007DD31 /* Make Your Own Adventure.app */;
			productType = "com.apple.product-type.application";
		};
/* End PBXNativeTarget section */

/* Begin PBXProject section */
		98B70DCC218E24550007DD31 /* Project object */ = {
			isa = PBXProject;
			attributes = {
				LastSwiftUpdateCheck = 1010;
				LastUpgradeCheck = 1010;
				ORGANIZATIONNAME = "Felipe Ribeiro";
				TargetAttributes = {
					98B70DD3218E24550007DD31 = {
						CreatedOnToolsVersion = 10.1;
					};
				};
			};
			buildConfigurationList = 98B70DCF218E24550007DD31 /* Build configuration list for PBXProject "Make Your Own Adventure" */;
			compatibilityVersion = "Xcode 9.3";
			developmentRegion = en;
			hasScannedForEncodings = 0;
			knownRegions = (
				en,
				Base,
			);
			mainGroup = 98B70DCB218E24550007DD31;
			productRefGroup = 98B70DD5218E24550007DD31 /* Products */;
			projectDirPath = "";
			projectRoot = "";
			targets = (
				98B70DD3218E24550007DD31 /* Make Your Own Adventure */,
			);
		};
/* End PBXProject section */

/* Begin PBXResourcesBuildPhase section */
		98B70DD2218E24550007DD31 /* Resources */ = {
			isa = PBXResourcesBuildPhase;
			buildActionMask = 2147483647;
			files = (
				98B70DE2218E24560007DD31 /* LaunchScreen.storyboard in Resources */,
				9811D0E921AC350F00482720 /* HauntedHouse.plist in Resources */,
				98B70DDF218E24560007DD31 /* Assets.xcassets in Resources */,
				9811D0EB21AC350F00482720 /* Harp.plist in Resources */,
				9811D0EC21AC350F00482720 /* Stranger.plist in Resources */,
				98B70DDD218E24550007DD31 /* Main.storyboard in Resources */,
				9811D0EA21AC350F00482720 /* Tiger.plist in Resources */,
			);
			runOnlyForDeploymentPostprocessing = 0;
		};
/* End PBXResourcesBuildPhase section */

/* Begin PBXSourcesBuildPhase section */
		98B70DD0218E24550007DD31 /* Sources */ = {
			isa = PBXSourcesBuildPhase;
			buildActionMask = 2147483647;
			files = (
				98E2E75021AECA9A007FCC06 /* NodeViewController.swift in Sources */,
				98B70DDA218E24550007DD31 /* NewAdventureViewController.swift in Sources */,
				98E2E72721ADD191007FCC06 /* Adventure.swift in Sources */,
				98E2E72A21ADD501007FCC06 /* Credits.swift in Sources */,
				98E2E73021ADDB07007FCC06 /* Types.swift in Sources */,
				98E2E72E21ADD803007FCC06 /* Node.swift in Sources */,
				98B70DD8218E24550007DD31 /* AppDelegate.swift in Sources */,
				98E2E72C21ADD645007FCC06 /* Prompt.swift in Sources */,
			);
			runOnlyForDeploymentPostprocessing = 0;
		};
/* End PBXSourcesBuildPhase section */

/* Begin PBXVariantGroup section */
		98B70DDB218E24550007DD31 /* Main.storyboard */ = {
			isa = PBXVariantGroup;
			children = (
				98B70DDC218E24550007DD31 /* Base */,
			);
			name = Main.storyboard;
			sourceTree = "<group>";
		};
		98B70DE0218E24560007DD31 /* LaunchScreen.storyboard */ = {
			isa = PBXVariantGroup;
			children = (
				98B70DE1218E24560007DD31 /* Base */,
			);
			name = LaunchScreen.storyboard;
			sourceTree = "<group>";
		};
/* End PBXVariantGroup section */

/* Begin XCBuildConfiguration section */
		98B70DE4218E24560007DD31 /* Debug */ = {
			isa = XCBuildConfiguration;
			buildSettings = {
				ALWAYS_SEARCH_USER_PATHS = NO;
				CLANG_ANALYZER_NONNULL = YES;
				CLANG_ANALYZER_NUMBER_OBJECT_CONVERSION = YES_AGGRESSIVE;
				CLANG_CXX_LANGUAGE_STANDARD = "gnu++14";
				CLANG_CXX_LIBRARY = "libc++";
				CLANG_ENABLE_MODULES = YES;
				CLANG_ENABLE_OBJC_ARC = YES;
				CLANG_ENABLE_OBJC_WEAK = YES;
				CLANG_WARN_BLOCK_CAPTURE_AUTORELEASING = YES;
				CLANG_WARN_BOOL_CONVERSION = YES;
				CLANG_WARN_COMMA = YES;
				CLANG_WARN_CONSTANT_CONVERSION = YES;
				CLANG_WARN_DEPRECATED_OBJC_IMPLEMENTATIONS = YES;
				CLANG_WARN_DIRECT_OBJC_ISA_USAGE = YES_ERROR;
				CLANG_WARN_DOCUMENTATION_COMMENTS = YES;
				CLANG_WARN_EMPTY_BODY = YES;
				CLANG_WARN_ENUM_CONVERSION = YES;
				CLANG_WARN_INFINITE_RECURSION = YES;
				CLANG_WARN_INT_CONVERSION = YES;
				CLANG_WARN_NON_LITERAL_NULL_CONVERSION = YES;
				CLANG_WARN_OBJC_IMPLICIT_RETAIN_SELF = YES;
				CLANG_WARN_OBJC_LITERAL_CONVERSION = YES;
				CLANG_WARN_OBJC_ROOT_CLASS = YES_ERROR;
				CLANG_WARN_RANGE_LOOP_ANALYSIS = YES;
				CLANG_WARN_STRICT_PROTOTYPES = YES;
				CLANG_WARN_SUSPICIOUS_MOVE = YES;
				CLANG_WARN_UNGUARDED_AVAILABILITY = YES_AGGRESSIVE;
				CLANG_WARN_UNREACHABLE_CODE = YES;
				CLANG_WARN__DUPLICATE_METHOD_MATCH = YES;
				CODE_SIGN_IDENTITY = "iPhone Developer";
				COPY_PHASE_STRIP = NO;
				DEBUG_INFORMATION_FORMAT = dwarf;
				ENABLE_STRICT_OBJC_MSGSEND = YES;
				ENABLE_TESTABILITY = YES;
				GCC_C_LANGUAGE_STANDARD = gnu11;
				GCC_DYNAMIC_NO_PIC = NO;
				GCC_NO_COMMON_BLOCKS = YES;
				GCC_OPTIMIZATION_LEVEL = 0;
				GCC_PREPROCESSOR_DEFINITIONS = (
					"DEBUG=1",
					"$(inherited)",
				);
				GCC_WARN_64_TO_32_BIT_CONVERSION = YES;
				GCC_WARN_ABOUT_RETURN_TYPE = YES_ERROR;
				GCC_WARN_UNDECLARED_SELECTOR = YES;
				GCC_WARN_UNINITIALIZED_AUTOS = YES_AGGRESSIVE;
				GCC_WARN_UNUSED_FUNCTION = YES;
				GCC_WARN_UNUSED_VARIABLE = YES;
				IPHONEOS_DEPLOYMENT_TARGET = 12.1;
				MTL_ENABLE_DEBUG_INFO = INCLUDE_SOURCE;
				MTL_FAST_MATH = YES;
				ONLY_ACTIVE_ARCH = YES;
				SDKROOT = iphoneos;
				SWIFT_ACTIVE_COMPILATION_CONDITIONS = DEBUG;
				SWIFT_OPTIMIZATION_LEVEL = "-Onone";
			};
			name = Debug;
		};
		98B70DE5218E24560007DD31 /* Release */ = {
			isa = XCBuildConfiguration;
			buildSettings = {
				ALWAYS_SEARCH_USER_PATHS = NO;
				CLANG_ANALYZER_NONNULL = YES;
				CLANG_ANALYZER_NUMBER_OBJECT_CONVERSION = YES_AGGRESSIVE;
				CLANG_CXX_LANGUAGE_STANDARD = "gnu++14";
				CLANG_CXX_LIBRARY = "libc++";
				CLANG_ENABLE_MODULES = YES;
				CLANG_ENABLE_OBJC_ARC = YES;
				CLANG_ENABLE_OBJC_WEAK = YES;
				CLANG_WARN_BLOCK_CAPTURE_AUTORELEASING = YES;
				CLANG_WARN_BOOL_CONVERSION = YES;
				CLANG_WARN_COMMA = YES;
				CLANG_WARN_CONSTANT_CONVERSION = YES;
				CLANG_WARN_DEPRECATED_OBJC_IMPLEMENTATIONS = YES;
				CLANG_WARN_DIRECT_OBJC_ISA_USAGE = YES_ERROR;
				CLANG_WARN_DOCUMENTATION_COMMENTS = YES;
				CLANG_WARN_EMPTY_BODY = YES;
				CLANG_WARN_ENUM_CONVERSION = YES;
				CLANG_WARN_INFINITE_RECURSION = YES;
				CLANG_WARN_INT_CONVERSION = YES;
				CLANG_WARN_NON_LITERAL_NULL_CONVERSION = YES;
				CLANG_WARN_OBJC_IMPLICIT_RETAIN_SELF = YES;
				CLANG_WARN_OBJC_LITERAL_CONVERSION = YES;
				CLANG_WARN_OBJC_ROOT_CLASS = YES_ERROR;
				CLANG_WARN_RANGE_LOOP_ANALYSIS = YES;
				CLANG_WARN_STRICT_PROTOTYPES = YES;
				CLANG_WARN_SUSPICIOUS_MOVE = YES;
				CLANG_WARN_UNGUARDED_AVAILABILITY = YES_AGGRESSIVE;
				CLANG_WARN_UNREACHABLE_CODE = YES;
				CLANG_WARN__DUPLICATE_METHOD_MATCH = YES;
				CODE_SIGN_IDENTITY = "iPhone Developer";
				COPY_PHASE_STRIP = NO;
				DEBUG_INFORMATION_FORMAT = "dwarf-with-dsym";
				ENABLE_NS_ASSERTIONS = NO;
				ENABLE_STRICT_OBJC_MSGSEND = YES;
				GCC_C_LANGUAGE_STANDARD = gnu11;
				GCC_NO_COMMON_BLOCKS = YES;
				GCC_WARN_64_TO_32_BIT_CONVERSION = YES;
				GCC_WARN_ABOUT_RETURN_TYPE = YES_ERROR;
				GCC_WARN_UNDECLARED_SELECTOR = YES;
				GCC_WARN_UNINITIALIZED_AUTOS = YES_AGGRESSIVE;
				GCC_WARN_UNUSED_FUNCTION = YES;
				GCC_WARN_UNUSED_VARIABLE = YES;
				IPHONEOS_DEPLOYMENT_TARGET = 12.1;
				MTL_ENABLE_DEBUG_INFO = NO;
				MTL_FAST_MATH = YES;
				SDKROOT = iphoneos;
				SWIFT_COMPILATION_MODE = wholemodule;
				SWIFT_OPTIMIZATION_LEVEL = "-O";
				VALIDATE_PRODUCT = YES;
			};
			name = Release;
		};
		98B70DE7218E24560007DD31 /* Debug */ = {
			isa = XCBuildConfiguration;
			buildSettings = {
				ASSETCATALOG_COMPILER_APPICON_NAME = AppIcon;
				CODE_SIGN_STYLE = Automatic;
				INFOPLIST_FILE = "Make Your Own Adventure/Info.plist";
				LD_RUNPATH_SEARCH_PATHS = (
					"$(inherited)",
					"@executable_path/Frameworks",
				);
				PRODUCT_BUNDLE_IDENTIFIER = "feliperibeiro.Make-Your-Own-Adventure";
				PRODUCT_NAME = "$(TARGET_NAME)";
				SWIFT_VERSION = 4.2;
				TARGETED_DEVICE_FAMILY = "1,2";
			};
			name = Debug;
		};
		98B70DE8218E24560007DD31 /* Release */ = {
			isa = XCBuildConfiguration;
			buildSettings = {
				ASSETCATALOG_COMPILER_APPICON_NAME = AppIcon;
				CODE_SIGN_STYLE = Automatic;
				INFOPLIST_FILE = "Make Your Own Adventure/Info.plist";
				LD_RUNPATH_SEARCH_PATHS = (
					"$(inherited)",
					"@executable_path/Frameworks",
				);
				PRODUCT_BUNDLE_IDENTIFIER = "feliperibeiro.Make-Your-Own-Adventure";
				PRODUCT_NAME = "$(TARGET_NAME)";
				SWIFT_VERSION = 4.2;
				TARGETED_DEVICE_FAMILY = "1,2";
			};
			name = Release;
		};
/* End XCBuildConfiguration section */

/* Begin XCConfigurationList section */
		98B70DCF218E24550007DD31 /* Build configuration list for PBXProject "Make Your Own Adventure" */ = {
			isa = XCConfigurationList;
			buildConfigurations = (
				98B70DE4218E24560007DD31 /* Debug */,
				98B70DE5218E24560007DD31 /* Release */,
			);
			defaultConfigurationIsVisible = 0;
			defaultConfigurationName = Release;
		};
		98B70DE6218E24560007DD31 /* Build configuration list for PBXNativeTarget "Make Your Own Adventure" */ = {
			isa = XCConfigurationList;
			buildConfigurations = (
				98B70DE7218E24560007DD31 /* Debug */,
				98B70DE8218E24560007DD31 /* Release */,
			);
			defaultConfigurationIsVisible = 0;
			defaultConfigurationName = Release;
		};
/* End XCConfigurationList section */
	};
	rootObject = 98B70DCC218E24550007DD31 /* Project object */;
}
